<?xml version="1.0" encoding="utf-8"?>
<Project ToolsVersion="4.0" xmlns="http://schemas.microsoft.com/developer/msbuild/2003">
  <ItemGroup>
    <ClCompile Include="src\ofApp.cpp">
      <Filter>src</Filter>
    </ClCompile>
    <ClCompile Include="src\main.cpp">
      <Filter>src</Filter>
    </ClCompile>
    <ClCompile Include="src\Input\Keyboard.cpp" />
    <ClCompile Include="src\Entity\Entity.cpp" />
    <ClCompile Include="src\Entity\Box\Box.cpp" />
    <ClCompile Include="src\Screen\Screen.cpp" />
    <ClCompile Include="src\Sprite\Sprite.cpp" />
    <ClCompile Include="src\Level\Level.cpp" />
    <ClCompile Include="src\Screen\Camera\Camera.cpp" />
    <ClCompile Include="src\Entity\Asteroid\Asteroid.cpp" />
  </ItemGroup>
  <ItemGroup>
    <Filter Include="src">
      <UniqueIdentifier>{d8376475-7454-4a24-b08a-aac121d3ad6f}</UniqueIdentifier>
    </Filter>
  </ItemGroup>
  <ItemGroup>
    <ClInclude Include="src\ofApp.h">
      <Filter>src</Filter>
    </ClInclude>
    <ClInclude Include="src\Input\Keyboard.h" />
    <ClInclude Include="src\Entity\Entity.h" />
    <ClInclude Include="src\Entity\Box\Box.h" />
    <ClInclude Include="src\Screen\Screen.h" />
    <ClInclude Include="src\Sprite\Sprite.h" />
    <ClInclude Include="src\Level\Level.h" />
    <ClInclude Include="src\Screen\Camera\Camera.h" />
    <ClInclude Include="src\Entity\Asteroid\Asteroid.h" />
  </ItemGroup>
  <ItemGroup>
    <ResourceCompile Include="icon.rc" />
  </ItemGroup>
</Project>